
Microsoft Visual Studio Solution File, Format Version 12.00
# Visual Studio Version 17
VisualStudioVersion = 17.2.32616.157
MinimumVisualStudioVersion = 10.0.40219.1
Project("{FAE04EC0-301F-11D3-BF4B-00C04F79EFBC}") = "OnTapExam2", "OnTapExam2\OnTapExam2.csproj", "{A3086EAB-419E-4BE1-B0D9-2D18885E99D3}"
EndProject
Global
	GlobalSection(SolutionConfigurationPlatforms) = preSolution
		Debug|Any CPU = Debug|Any CPU
		Release|Any CPU = Release|Any CPU
	EndGlobalSection
	GlobalSection(ProjectConfigurationPlatforms) = postSolution
		{A3086EAB-419E-4BE1-B0D9-2D18885E99D3}.Debug|Any CPU.ActiveCfg = Debug|Any CPU
		{A3086EAB-419E-4BE1-B0D9-2D18885E99D3}.Debug|Any CPU.Build.0 = Debug|Any CPU
		{A3086EAB-419E-4BE1-B0D9-2D18885E99D3}.Release|Any CPU.ActiveCfg = Release|Any CPU
		{A3086EAB-419E-4BE1-B0D9-2D18885E99D3}.Release|Any CPU.Build.0 = Release|Any CPU
	EndGlobalSection
	GlobalSection(SolutionProperties) = preSolution
		HideSolutionNode = FALSE
	EndGlobalSection
	GlobalSection(ExtensibilityGlobals) = postSolution
		SolutionGuid = {35C7F04E-34AC-4CDD-95F9-3DFDA61C8030}
	EndGlobalSection
EndGlobal
