
Microsoft Visual Studio Solution File, Format Version 12.00
# Visual Studio Version 17
VisualStudioVersion = 17.2.32616.157
MinimumVisualStudioVersion = 10.0.40219.1
Project("{FAE04EC0-301F-11D3-BF4B-00C04F79EFBC}") = "B1.6", "B1.6\B1.6.csproj", "{1720281C-0821-4A24-B870-BC772049E786}"
EndProject
Global
	GlobalSection(SolutionConfigurationPlatforms) = preSolution
		Debug|Any CPU = Debug|Any CPU
		Release|Any CPU = Release|Any CPU
	EndGlobalSection
	GlobalSection(ProjectConfigurationPlatforms) = postSolution
		{1720281C-0821-4A24-B870-BC772049E786}.Debug|Any CPU.ActiveCfg = Debug|Any CPU
		{1720281C-0821-4A24-B870-BC772049E786}.Debug|Any CPU.Build.0 = Debug|Any CPU
		{1720281C-0821-4A24-B870-BC772049E786}.Release|Any CPU.ActiveCfg = Release|Any CPU
		{1720281C-0821-4A24-B870-BC772049E786}.Release|Any CPU.Build.0 = Release|Any CPU
	EndGlobalSection
	GlobalSection(SolutionProperties) = preSolution
		HideSolutionNode = FALSE
	EndGlobalSection
	GlobalSection(ExtensibilityGlobals) = postSolution
		SolutionGuid = {11E29439-945F-4256-B983-705A7E42AE33}
	EndGlobalSection
EndGlobal
