
Microsoft Visual Studio Solution File, Format Version 12.00
# Visual Studio 15
VisualStudioVersion = 15.0.26403.7
MinimumVisualStudioVersion = 10.0.40219.1
Project("{FAE04EC0-301F-11D3-BF4B-00C04F79EFBC}") = "b6.1", "b6.1\b6.1.csproj", "{88E96B52-E6E4-472C-A005-7743448C5CCB}"
EndProject
Project("{FAE04EC0-301F-11D3-BF4B-00C04F79EFBC}") = "b6.2", "b6.2\b6.2.csproj", "{1AE03E46-1226-4BFB-876A-F37C050DB282}"
EndProject
Global
	GlobalSection(SolutionConfigurationPlatforms) = preSolution
		Debug|Any CPU = Debug|Any CPU
		Release|Any CPU = Release|Any CPU
	EndGlobalSection
	GlobalSection(ProjectConfigurationPlatforms) = postSolution
		{88E96B52-E6E4-472C-A005-7743448C5CCB}.Debug|Any CPU.ActiveCfg = Debug|Any CPU
		{88E96B52-E6E4-472C-A005-7743448C5CCB}.Debug|Any CPU.Build.0 = Debug|Any CPU
		{88E96B52-E6E4-472C-A005-7743448C5CCB}.Release|Any CPU.ActiveCfg = Release|Any CPU
		{88E96B52-E6E4-472C-A005-7743448C5CCB}.Release|Any CPU.Build.0 = Release|Any CPU
		{1AE03E46-1226-4BFB-876A-F37C050DB282}.Debug|Any CPU.ActiveCfg = Debug|Any CPU
		{1AE03E46-1226-4BFB-876A-F37C050DB282}.Debug|Any CPU.Build.0 = Debug|Any CPU
		{1AE03E46-1226-4BFB-876A-F37C050DB282}.Release|Any CPU.ActiveCfg = Release|Any CPU
		{1AE03E46-1226-4BFB-876A-F37C050DB282}.Release|Any CPU.Build.0 = Release|Any CPU
	EndGlobalSection
	GlobalSection(SolutionProperties) = preSolution
		HideSolutionNode = FALSE
	EndGlobalSection
EndGlobal
