
Microsoft Visual Studio Solution File, Format Version 12.00
# Visual Studio Version 17
VisualStudioVersion = 17.2.32616.157
MinimumVisualStudioVersion = 10.0.40219.1
Project("{FAE04EC0-301F-11D3-BF4B-00C04F79EFBC}") = "de2", "de2\de2.csproj", "{4C0F5D4A-6C33-45C2-915C-032404E4D59B}"
EndProject
Global
	GlobalSection(SolutionConfigurationPlatforms) = preSolution
		Debug|Any CPU = Debug|Any CPU
		Release|Any CPU = Release|Any CPU
	EndGlobalSection
	GlobalSection(ProjectConfigurationPlatforms) = postSolution
		{4C0F5D4A-6C33-45C2-915C-032404E4D59B}.Debug|Any CPU.ActiveCfg = Debug|Any CPU
		{4C0F5D4A-6C33-45C2-915C-032404E4D59B}.Debug|Any CPU.Build.0 = Debug|Any CPU
		{4C0F5D4A-6C33-45C2-915C-032404E4D59B}.Release|Any CPU.ActiveCfg = Release|Any CPU
		{4C0F5D4A-6C33-45C2-915C-032404E4D59B}.Release|Any CPU.Build.0 = Release|Any CPU
	EndGlobalSection
	GlobalSection(SolutionProperties) = preSolution
		HideSolutionNode = FALSE
	EndGlobalSection
	GlobalSection(ExtensibilityGlobals) = postSolution
		SolutionGuid = {6A1FB9DE-3252-429F-B0A0-ADCC18C5DB19}
	EndGlobalSection
EndGlobal
