
Microsoft Visual Studio Solution File, Format Version 12.00
# Visual Studio Version 17
VisualStudioVersion = 17.2.32616.157
MinimumVisualStudioVersion = 10.0.40219.1
Project("{FAE04EC0-301F-11D3-BF4B-00C04F79EFBC}") = "b4.1", "Bai4\b4.1.csproj", "{51108ACA-CE7D-4183-AF6E-FD74A3DAD2C6}"
EndProject
Project("{FAE04EC0-301F-11D3-BF4B-00C04F79EFBC}") = "b4.2", "b4.2\b4.2.csproj", "{307B1829-9445-4FDB-982D-6CC2E659B819}"
EndProject
Project("{FAE04EC0-301F-11D3-BF4B-00C04F79EFBC}") = "b4.3", "b4.3\b4.3.csproj", "{9375E06C-1010-46A3-8C82-BBF401206F5D}"
EndProject
Global
	GlobalSection(SolutionConfigurationPlatforms) = preSolution
		Debug|Any CPU = Debug|Any CPU
		Release|Any CPU = Release|Any CPU
	EndGlobalSection
	GlobalSection(ProjectConfigurationPlatforms) = postSolution
		{51108ACA-CE7D-4183-AF6E-FD74A3DAD2C6}.Debug|Any CPU.ActiveCfg = Debug|Any CPU
		{51108ACA-CE7D-4183-AF6E-FD74A3DAD2C6}.Debug|Any CPU.Build.0 = Debug|Any CPU
		{51108ACA-CE7D-4183-AF6E-FD74A3DAD2C6}.Release|Any CPU.ActiveCfg = Release|Any CPU
		{51108ACA-CE7D-4183-AF6E-FD74A3DAD2C6}.Release|Any CPU.Build.0 = Release|Any CPU
		{307B1829-9445-4FDB-982D-6CC2E659B819}.Debug|Any CPU.ActiveCfg = Debug|Any CPU
		{307B1829-9445-4FDB-982D-6CC2E659B819}.Debug|Any CPU.Build.0 = Debug|Any CPU
		{307B1829-9445-4FDB-982D-6CC2E659B819}.Release|Any CPU.ActiveCfg = Release|Any CPU
		{307B1829-9445-4FDB-982D-6CC2E659B819}.Release|Any CPU.Build.0 = Release|Any CPU
		{9375E06C-1010-46A3-8C82-BBF401206F5D}.Debug|Any CPU.ActiveCfg = Debug|Any CPU
		{9375E06C-1010-46A3-8C82-BBF401206F5D}.Debug|Any CPU.Build.0 = Debug|Any CPU
		{9375E06C-1010-46A3-8C82-BBF401206F5D}.Release|Any CPU.ActiveCfg = Release|Any CPU
		{9375E06C-1010-46A3-8C82-BBF401206F5D}.Release|Any CPU.Build.0 = Release|Any CPU
	EndGlobalSection
	GlobalSection(SolutionProperties) = preSolution
		HideSolutionNode = FALSE
	EndGlobalSection
	GlobalSection(ExtensibilityGlobals) = postSolution
		SolutionGuid = {EB7D8BE3-8885-4F02-AC73-37CCD3E7E288}
	EndGlobalSection
EndGlobal
